
Microsoft Visual Studio Solution File, Format Version 12.00
# Visual Studio 15
VisualStudioVersion = 15.0.28010.2048
MinimumVisualStudioVersion = 10.0.40219.1
Project("{FAE04EC0-301F-11D3-BF4B-00C04F79EFBC}") = "FlightSimulator", "FlightSimulator\FlightSimulator.csproj", "{F770CF43-0E3D-4E5B-B8EB-F260C62EC543}"
EndProject
Global
	GlobalSection(SolutionConfigurationPlatforms) = preSolution
		Debug|Any CPU = Debug|Any CPU
		Release|Any CPU = Release|Any CPU
	EndGlobalSection
	GlobalSection(ProjectConfigurationPlatforms) = postSolution
		{F770CF43-0E3D-4E5B-B8EB-F260C62EC543}.Debug|Any CPU.ActiveCfg = Debug|Any CPU
		{F770CF43-0E3D-4E5B-B8EB-F260C62EC543}.Debug|Any CPU.Build.0 = Debug|Any CPU
		{F770CF43-0E3D-4E5B-B8EB-F260C62EC543}.Release|Any CPU.ActiveCfg = Release|Any CPU
		{F770CF43-0E3D-4E5B-B8EB-F260C62EC543}.Release|Any CPU.Build.0 = Release|Any CPU
	EndGlobalSection
	GlobalSection(SolutionProperties) = preSolution
		HideSolutionNode = FALSE
	EndGlobalSection
	GlobalSection(ExtensibilityGlobals) = postSolution
		SolutionGuid = {77FF0319-AB7C-4CBD-9AB7-EB2AEFBEDDD0}
	EndGlobalSection
EndGlobal
